// !$*UTF8*$!
{
	archiveVersion = 1;
	classes = {
	};
	objectVersion = 77;
	objects = {

/* Begin PBXContainerItemProxy section */
		5FC8849B2E4BBD3000D5956E /* PBXContainerItemProxy */ = {
			isa = PBXContainerItemProxy;
			containerPortal = 5FC884852E4BBD2E00D5956E /* Project object */;
			proxyType = 1;
			remoteGlobalIDString = 5FC8848C2E4BBD2E00D5956E;
			remoteInfo = SocketSample;
		};
		5FC884A52E4BBD3000D5956E /* PBXContainerItemProxy */ = {
			isa = PBXContainerItemProxy;
			containerPortal = 5FC884852E4BBD2E00D5956E /* Project object */;
			proxyType = 1;
			remoteGlobalIDString = 5FC8848C2E4BBD2E00D5956E;
			remoteInfo = SocketSample;
		};
/* End PBXContainerItemProxy section */

/* Begin PBXFileReference section */
		5FC8848D2E4BBD2E00D5956E /* SocketSample.app */ = {isa = PBXFileReference; explicitFileType = wrapper.application; includeInIndex = 0; path = SocketSample.app; sourceTree = BUILT_PRODUCTS_DIR; };
		5FC8849A2E4BBD3000D5956E /* SocketSampleTests.xctest */ = {isa = PBXFileReference; explicitFileType = wrapper.cfbundle; includeInIndex = 0; path = SocketSampleTests.xctest; sourceTree = BUILT_PRODUCTS_DIR; };
		5FC884A42E4BBD3000D5956E /* SocketSampleUITests.xctest */ = {isa = PBXFileReference; explicitFileType = wrapper.cfbundle; includeInIndex = 0; path = SocketSampleUITests.xctest; sourceTree = BUILT_PRODUCTS_DIR; };
/* End PBXFileReference section */

/* Begin PBXFileSystemSynchronizedRootGroup section */
		5FC8848F2E4BBD2E00D5956E /* SocketSample */ = {
			isa = PBXFileSystemSynchronizedRootGroup;
			path = SocketSample;
			sourceTree = "<group>";
		};
		5FC8849D2E4BBD3000D5956E /* SocketSampleTests */ = {
			isa = PBXFileSystemSynchronizedRootGroup;
			path = SocketSampleTests;
			sourceTree = "<group>";
		};
		5FC884A72E4BBD3000D5956E /* SocketSampleUITests */ = {
			isa = PBXFileSystemSynchronizedRootGroup;
			path = SocketSampleUITests;
			sourceTree = "<group>";
		};
/* End PBXFileSystemSynchronizedRootGroup section */

/* Begin PBXFrameworksBuildPhase section */
		5FC8848A2E4BBD2E00D5956E /* Frameworks */ = {
			isa = PBXFrameworksBuildPhase;
			buildActionMask = 2147483647;
			files = (
			);
			runOnlyForDeploymentPostprocessing = 0;
		};
		5FC884972E4BBD3000D5956E /* Frameworks */ = {
			isa = PBXFrameworksBuildPhase;
			buildActionMask = 2147483647;
			files = (
			);
			runOnlyForDeploymentPostprocessing = 0;
		};
		5FC884A12E4BBD3000D5956E /* Frameworks */ = {
			isa = PBXFrameworksBuildPhase;
			buildActionMask = 2147483647;
			files = (
			);
			runOnlyForDeploymentPostprocessing = 0;
		};
/* End PBXFrameworksBuildPhase section */

/* Begin PBXGroup section */
		5FC884842E4BBD2E00D5956E = {
			isa = PBXGroup;
			children = (
				5FC8848F2E4BBD2E00D5956E /* SocketSample */,
				5FC8849D2E4BBD3000D5956E /* SocketSampleTests */,
				5FC884A72E4BBD3000D5956E /* SocketSampleUITests */,
				5FC8848E2E4BBD2E00D5956E /* Products */,
			);
			sourceTree = "<group>";
		};
		5FC8848E2E4BBD2E00D5956E /* Products */ = {
			isa = PBXGroup;
			children = (
				5FC8848D2E4BBD2E00D5956E /* SocketSample.app */,
				5FC8849A2E4BBD3000D5956E /* SocketSampleTests.xctest */,
				5FC884A42E4BBD3000D5956E /* SocketSampleUITests.xctest */,
			);
			name = Products;
			sourceTree = "<group>";
		};
/* End PBXGroup section */

/* Begin PBXNativeTarget section */
		5FC8848C2E4BBD2E00D5956E /* SocketSample */ = {
			isa = PBXNativeTarget;
			buildConfigurationList = 5FC884AE2E4BBD3000D5956E /* Build configuration list for PBXNativeTarget "SocketSample" */;
			buildPhases = (
				5FC884892E4BBD2E00D5956E /* Sources */,
				5FC8848A2E4BBD2E00D5956E /* Frameworks */,
				5FC8848B2E4BBD2E00D5956E /* Resources */,
			);
			buildRules = (
			);
			dependencies = (
			);
			fileSystemSynchronizedGroups = (
				5FC8848F2E4BBD2E00D5956E /* SocketSample */,
			);
			name = SocketSample;
			packageProductDependencies = (
			);
			productName = SocketSample;
			productReference = 5FC8848D2E4BBD2E00D5956E /* SocketSample.app */;
			productType = "com.apple.product-type.application";
		};
		5FC884992E4BBD3000D5956E /* SocketSampleTests */ = {
			isa = PBXNativeTarget;
			buildConfigurationList = 5FC884B12E4BBD3000D5956E /* Build configuration list for PBXNativeTarget "SocketSampleTests" */;
			buildPhases = (
				5FC884962E4BBD3000D5956E /* Sources */,
				5FC884972E4BBD3000D5956E /* Frameworks */,
				5FC884982E4BBD3000D5956E /* Resources */,
			);
			buildRules = (
			);
			dependencies = (
				5FC8849C2E4BBD3000D5956E /* PBXTargetDependency */,
			);
			fileSystemSynchronizedGroups = (
				5FC8849D2E4BBD3000D5956E /* SocketSampleTests */,
			);
			name = SocketSampleTests;
			packageProductDependencies = (
			);
			productName = SocketSampleTests;
			productReference = 5FC8849A2E4BBD3000D5956E /* SocketSampleTests.xctest */;
			productType = "com.apple.product-type.bundle.unit-test";
		};
		5FC884A32E4BBD3000D5956E /* SocketSampleUITests */ = {
			isa = PBXNativeTarget;
			buildConfigurationList = 5FC884B42E4BBD3000D5956E /* Build configuration list for PBXNativeTarget "SocketSampleUITests" */;
			buildPhases = (
				5FC884A02E4BBD3000D5956E /* Sources */,
				5FC884A12E4BBD3000D5956E /* Frameworks */,
				5FC884A22E4BBD3000D5956E /* Resources */,
			);
			buildRules = (
			);
			dependencies = (
				5FC884A62E4BBD3000D5956E /* PBXTargetDependency */,
			);
			fileSystemSynchronizedGroups = (
				5FC884A72E4BBD3000D5956E /* SocketSampleUITests */,
			);
			name = SocketSampleUITests;
			packageProductDependencies = (
			);
			productName = SocketSampleUITests;
			productReference = 5FC884A42E4BBD3000D5956E /* SocketSampleUITests.xctest */;
			productType = "com.apple.product-type.bundle.ui-testing";
		};
/* End PBXNativeTarget section */

/* Begin PBXProject section */
		5FC884852E4BBD2E00D5956E /* Project object */ = {
			isa = PBXProject;
			attributes = {
				BuildIndependentTargetsInParallel = 1;
				LastSwiftUpdateCheck = 1630;
				LastUpgradeCheck = 1630;
				TargetAttributes = {
					5FC8848C2E4BBD2E00D5956E = {
						CreatedOnToolsVersion = 16.3;
					};
					5FC884992E4BBD3000D5956E = {
						CreatedOnToolsVersion = 16.3;
						TestTargetID = 5FC8848C2E4BBD2E00D5956E;
					};
					5FC884A32E4BBD3000D5956E = {
						CreatedOnToolsVersion = 16.3;
						TestTargetID = 5FC8848C2E4BBD2E00D5956E;
					};
				};
			};
			buildConfigurationList = 5FC884882E4BBD2E00D5956E /* Build configuration list for PBXProject "SocketSample" */;
			developmentRegion = en;
			hasScannedForEncodings = 0;
			knownRegions = (
				en,
				Base,
			);
			mainGroup = 5FC884842E4BBD2E00D5956E;
			minimizedProjectReferenceProxies = 1;
			preferredProjectObjectVersion = 77;
			productRefGroup = 5FC8848E2E4BBD2E00D5956E /* Products */;
			projectDirPath = "";
			projectRoot = "";
			targets = (
				5FC8848C2E4BBD2E00D5956E /* SocketSample */,
				5FC884992E4BBD3000D5956E /* SocketSampleTests */,
				5FC884A32E4BBD3000D5956E /* SocketSampleUITests */,
			);
		};
/* End PBXProject section */

/* Begin PBXResourcesBuildPhase section */
		5FC8848B2E4BBD2E00D5956E /* Resources */ = {
			isa = PBXResourcesBuildPhase;
			buildActionMask = 2147483647;
			files = (
			);
			runOnlyForDeploymentPostprocessing = 0;
		};
		5FC884982E4BBD3000D5956E /* Resources */ = {
			isa = PBXResourcesBuildPhase;
			buildActionMask = 2147483647;
			files = (
			);
			runOnlyForDeploymentPostprocessing = 0;
		};
		5FC884A22E4BBD3000D5956E /* Resources */ = {
			isa = PBXResourcesBuildPhase;
			buildActionMask = 2147483647;
			files = (
			);
			runOnlyForDeploymentPostprocessing = 0;
		};
/* End PBXResourcesBuildPhase section */

/* Begin PBXSourcesBuildPhase section */
		5FC884892E4BBD2E00D5956E /* Sources */ = {
			isa = PBXSourcesBuildPhase;
			buildActionMask = 2147483647;
			files = (
			);
			runOnlyForDeploymentPostprocessing = 0;
		};
		5FC884962E4BBD3000D5956E /* Sources */ = {
			isa = PBXSourcesBuildPhase;
			buildActionMask = 2147483647;
			files = (
			);
			runOnlyForDeploymentPostprocessing = 0;
		};
		5FC884A02E4BBD3000D5956E /* Sources */ = {
			isa = PBXSourcesBuildPhase;
			buildActionMask = 2147483647;
			files = (
			);
			runOnlyForDeploymentPostprocessing = 0;
		};
/* End PBXSourcesBuildPhase section */

/* Begin PBXTargetDependency section */
		5FC8849C2E4BBD3000D5956E /* PBXTargetDependency */ = {
			isa = PBXTargetDependency;
			target = 5FC8848C2E4BBD2E00D5956E /* SocketSample */;
			targetProxy = 5FC8849B2E4BBD3000D5956E /* PBXContainerItemProxy */;
		};
		5FC884A62E4BBD3000D5956E /* PBXTargetDependency */ = {
			isa = PBXTargetDependency;
			target = 5FC8848C2E4BBD2E00D5956E /* SocketSample */;
			targetProxy = 5FC884A52E4BBD3000D5956E /* PBXContainerItemProxy */;
		};
/* End PBXTargetDependency section */

/* Begin XCBuildConfiguration section */
		5FC884AC2E4BBD3000D5956E /* Debug */ = {
			isa = XCBuildConfiguration;
			buildSettings = {
				ALWAYS_SEARCH_USER_PATHS = NO;
				ASSETCATALOG_COMPILER_GENERATE_SWIFT_ASSET_SYMBOL_EXTENSIONS = YES;
				CLANG_ANALYZER_NONNULL = YES;
				CLANG_ANALYZER_NUMBER_OBJECT_CONVERSION = YES_AGGRESSIVE;
				CLANG_CXX_LANGUAGE_STANDARD = "gnu++20";
				CLANG_ENABLE_MODULES = YES;
				CLANG_ENABLE_OBJC_ARC = YES;
				CLANG_ENABLE_OBJC_WEAK = YES;
				CLANG_WARN_BLOCK_CAPTURE_AUTORELEASING = YES;
				CLANG_WARN_BOOL_CONVERSION = YES;
				CLANG_WARN_COMMA = YES;
				CLANG_WARN_CONSTANT_CONVERSION = YES;
				CLANG_WARN_DEPRECATED_OBJC_IMPLEMENTATIONS = YES;
				CLANG_WARN_DIRECT_OBJC_ISA_USAGE = YES_ERROR;
				CLANG_WARN_DOCUMENTATION_COMMENTS = YES;
				CLANG_WARN_EMPTY_BODY = YES;
				CLANG_WARN_ENUM_CONVERSION = YES;
				CLANG_WARN_INFINITE_RECURSION = YES;
				CLANG_WARN_INT_CONVERSION = YES;
				CLANG_WARN_NON_LITERAL_NULL_CONVERSION = YES;
				CLANG_WARN_OBJC_IMPLICIT_RETAIN_SELF = YES;
				CLANG_WARN_OBJC_LITERAL_CONVERSION = YES;
				CLANG_WARN_OBJC_ROOT_CLASS = YES_ERROR;
				CLANG_WARN_QUOTED_INCLUDE_IN_FRAMEWORK_HEADER = YES;
				CLANG_WARN_RANGE_LOOP_ANALYSIS = YES;
				CLANG_WARN_STRICT_PROTOTYPES = YES;
				CLANG_WARN_SUSPICIOUS_MOVE = YES;
				CLANG_WARN_UNGUARDED_AVAILABILITY = YES_AGGRESSIVE;
				CLANG_WARN_UNREACHABLE_CODE = YES;
				CLANG_WARN__DUPLICATE_METHOD_MATCH = YES;
				COPY_PHASE_STRIP = NO;
				DEBUG_INFORMATION_FORMAT = dwarf;
				DEVELOPMENT_TEAM = C8X33J96A7;
				ENABLE_STRICT_OBJC_MSGSEND = YES;
				ENABLE_TESTABILITY = YES;
				ENABLE_USER_SCRIPT_SANDBOXING = YES;
				GCC_C_LANGUAGE_STANDARD = gnu17;
				GCC_DYNAMIC_NO_PIC = NO;
				GCC_NO_COMMON_BLOCKS = YES;
				GCC_OPTIMIZATION_LEVEL = 0;
				GCC_PREPROCESSOR_DEFINITIONS = (
					"DEBUG=1",
					"$(inherited)",
				);
				GCC_WARN_64_TO_32_BIT_CONVERSION = YES;
				GCC_WARN_ABOUT_RETURN_TYPE = YES_ERROR;
				GCC_WARN_UNDECLARED_SELECTOR = YES;
				GCC_WARN_UNINITIALIZED_AUTOS = YES_AGGRESSIVE;
				GCC_WARN_UNUSED_FUNCTION = YES;
				GCC_WARN_UNUSED_VARIABLE = YES;
				IPHONEOS_DEPLOYMENT_TARGET = 18.4;
				LOCALIZATION_PREFERS_STRING_CATALOGS = YES;
				MTL_ENABLE_DEBUG_INFO = INCLUDE_SOURCE;
				MTL_FAST_MATH = YES;
				ONLY_ACTIVE_ARCH = YES;
				SDKROOT = iphoneos;
				SWIFT_ACTIVE_COMPILATION_CONDITIONS = "DEBUG $(inherited)";
				SWIFT_OPTIMIZATION_LEVEL = "-Onone";
			};
			name = Debug;
		};
		5FC884AD2E4BBD3000D5956E /* Release */ = {
			isa = XCBuildConfiguration;
			buildSettings = {
				ALWAYS_SEARCH_USER_PATHS = NO;
				ASSETCATALOG_COMPILER_GENERATE_SWIFT_ASSET_SYMBOL_EXTENSIONS = YES;
				CLANG_ANALYZER_NONNULL = YES;
				CLANG_ANALYZER_NUMBER_OBJECT_CONVERSION = YES_AGGRESSIVE;
				CLANG_CXX_LANGUAGE_STANDARD = "gnu++20";
				CLANG_ENABLE_MODULES = YES;
				CLANG_ENABLE_OBJC_ARC = YES;
				CLANG_ENABLE_OBJC_WEAK = YES;
				CLANG_WARN_BLOCK_CAPTURE_AUTORELEASING = YES;
				CLANG_WARN_BOOL_CONVERSION = YES;
				CLANG_WARN_COMMA = YES;
				CLANG_WARN_CONSTANT_CONVERSION = YES;
				CLANG_WARN_DEPRECATED_OBJC_IMPLEMENTATIONS = YES;
				CLANG_WARN_DIRECT_OBJC_ISA_USAGE = YES_ERROR;
				CLANG_WARN_DOCUMENTATION_COMMENTS = YES;
				CLANG_WARN_EMPTY_BODY = YES;
				CLANG_WARN_ENUM_CONVERSION = YES;
				CLANG_WARN_INFINITE_RECURSION = YES;
				CLANG_WARN_INT_CONVERSION = YES;
				CLANG_WARN_NON_LITERAL_NULL_CONVERSION = YES;
				CLANG_WARN_OBJC_IMPLICIT_RETAIN_SELF = YES;
				CLANG_WARN_OBJC_LITERAL_CONVERSION = YES;
				CLANG_WARN_OBJC_ROOT_CLASS = YES_ERROR;
				CLANG_WARN_QUOTED_INCLUDE_IN_FRAMEWORK_HEADER = YES;
				CLANG_WARN_RANGE_LOOP_ANALYSIS = YES;
				CLANG_WARN_STRICT_PROTOTYPES = YES;
				CLANG_WARN_SUSPICIOUS_MOVE = YES;
				CLANG_WARN_UNGUARDED_AVAILABILITY = YES_AGGRESSIVE;
				CLANG_WARN_UNREACHABLE_CODE = YES;
				CLANG_WARN__DUPLICATE_METHOD_MATCH = YES;
				COPY_PHASE_STRIP = NO;
				DEBUG_INFORMATION_FORMAT = "dwarf-with-dsym";
				DEVELOPMENT_TEAM = C8X33J96A7;
				ENABLE_NS_ASSERTIONS = NO;
				ENABLE_STRICT_OBJC_MSGSEND = YES;
				ENABLE_USER_SCRIPT_SANDBOXING = YES;
				GCC_C_LANGUAGE_STANDARD = gnu17;
				GCC_NO_COMMON_BLOCKS = YES;
				GCC_WARN_64_TO_32_BIT_CONVERSION = YES;
				GCC_WARN_ABOUT_RETURN_TYPE = YES_ERROR;
				GCC_WARN_UNDECLARED_SELECTOR = YES;
				GCC_WARN_UNINITIALIZED_AUTOS = YES_AGGRESSIVE;
				GCC_WARN_UNUSED_FUNCTION = YES;
				GCC_WARN_UNUSED_VARIABLE = YES;
				IPHONEOS_DEPLOYMENT_TARGET = 18.4;
				LOCALIZATION_PREFERS_STRING_CATALOGS = YES;
				MTL_ENABLE_DEBUG_INFO = NO;
				MTL_FAST_MATH = YES;
				SDKROOT = iphoneos;
				SWIFT_COMPILATION_MODE = wholemodule;
				VALIDATE_PRODUCT = YES;
			};
			name = Release;
		};
		5FC884AF2E4BBD3000D5956E /* Debug */ = {
			isa = XCBuildConfiguration;
			buildSettings = {
				ASSETCATALOG_COMPILER_APPICON_NAME = AppIcon;
				ASSETCATALOG_COMPILER_GLOBAL_ACCENT_COLOR_NAME = AccentColor;
				CODE_SIGN_STYLE = Automatic;
				CURRENT_PROJECT_VERSION = 1;
				DEVELOPMENT_TEAM = C8X33J96A7;
				ENABLE_PREVIEWS = YES;
				GENERATE_INFOPLIST_FILE = YES;
				INFOPLIST_KEY_UIApplicationSceneManifest_Generation = YES;
				INFOPLIST_KEY_UIApplicationSupportsIndirectInputEvents = YES;
				INFOPLIST_KEY_UILaunchScreen_Generation = YES;
				INFOPLIST_KEY_UISupportedInterfaceOrientations_iPad = "UIInterfaceOrientationPortrait UIInterfaceOrientationPortraitUpsideDown UIInterfaceOrientationLandscapeLeft UIInterfaceOrientationLandscapeRight";
				INFOPLIST_KEY_UISupportedInterfaceOrientations_iPhone = "UIInterfaceOrientationPortrait UIInterfaceOrientationLandscapeLeft UIInterfaceOrientationLandscapeRight";
				LD_RUNPATH_SEARCH_PATHS = (
					"$(inherited)",
					"@executable_path/Frameworks",
				);
				MARKETING_VERSION = 1.0;
				PRODUCT_BUNDLE_IDENTIFIER = com.meharoof.SocketSample;
				PRODUCT_NAME = "$(TARGET_NAME)";
				SWIFT_EMIT_LOC_STRINGS = YES;
				SWIFT_VERSION = 5.0;
				TARGETED_DEVICE_FAMILY = "1,2";
			};
			name = Debug;
		};
		5FC884B02E4BBD3000D5956E /* Release */ = {
			isa = XCBuildConfiguration;
			buildSettings = {
				ASSETCATALOG_COMPILER_APPICON_NAME = AppIcon;
				ASSETCATALOG_COMPILER_GLOBAL_ACCENT_COLOR_NAME = AccentColor;
				CODE_SIGN_STYLE = Automatic;
				CURRENT_PROJECT_VERSION = 1;
				DEVELOPMENT_TEAM = C8X33J96A7;
				ENABLE_PREVIEWS = YES;
				GENERATE_INFOPLIST_FILE = YES;
				INFOPLIST_KEY_UIApplicationSceneManifest_Generation = YES;
				INFOPLIST_KEY_UIApplicationSupportsIndirectInputEvents = YES;
				INFOPLIST_KEY_UILaunchScreen_Generation = YES;
				INFOPLIST_KEY_UISupportedInterfaceOrientations_iPad = "UIInterfaceOrientationPortrait UIInterfaceOrientationPortraitUpsideDown UIInterfaceOrientationLandscapeLeft UIInterfaceOrientationLandscapeRight";
				INFOPLIST_KEY_UISupportedInterfaceOrientations_iPhone = "UIInterfaceOrientationPortrait UIInterfaceOrientationLandscapeLeft UIInterfaceOrientationLandscapeRight";
				LD_RUNPATH_SEARCH_PATHS = (
					"$(inherited)",
					"@executable_path/Frameworks",
				);
				MARKETING_VERSION = 1.0;
				PRODUCT_BUNDLE_IDENTIFIER = com.meharoof.SocketSample;
				PRODUCT_NAME = "$(TARGET_NAME)";
				SWIFT_EMIT_LOC_STRINGS = YES;
				SWIFT_VERSION = 5.0;
				TARGETED_DEVICE_FAMILY = "1,2";
			};
			name = Release;
		};
		5FC884B22E4BBD3000D5956E /* Debug */ = {
			isa = XCBuildConfiguration;
			buildSettings = {
				BUNDLE_LOADER = "$(TEST_HOST)";
				CODE_SIGN_STYLE = Automatic;
				CURRENT_PROJECT_VERSION = 1;
				DEVELOPMENT_TEAM = C8X33J96A7;
				GENERATE_INFOPLIST_FILE = YES;
				IPHONEOS_DEPLOYMENT_TARGET = 18.4;
				MARKETING_VERSION = 1.0;
				PRODUCT_BUNDLE_IDENTIFIER = com.meharoof.SocketSampleTests;
				PRODUCT_NAME = "$(TARGET_NAME)";
				SWIFT_EMIT_LOC_STRINGS = NO;
				SWIFT_VERSION = 5.0;
				TARGETED_DEVICE_FAMILY = "1,2";
				TEST_HOST = "$(BUILT_PRODUCTS_DIR)/SocketSample.app/$(BUNDLE_EXECUTABLE_FOLDER_PATH)/SocketSample";
			};
			name = Debug;
		};
		5FC884B32E4BBD3000D5956E /* Release */ = {
			isa = XCBuildConfiguration;
			buildSettings = {
				BUNDLE_LOADER = "$(TEST_HOST)";
				CODE_SIGN_STYLE = Automatic;
				CURRENT_PROJECT_VERSION = 1;
				DEVELOPMENT_TEAM = C8X33J96A7;
				GENERATE_INFOPLIST_FILE = YES;
				IPHONEOS_DEPLOYMENT_TARGET = 18.4;
				MARKETING_VERSION = 1.0;
				PRODUCT_BUNDLE_IDENTIFIER = com.meharoof.SocketSampleTests;
				PRODUCT_NAME = "$(TARGET_NAME)";
				SWIFT_EMIT_LOC_STRINGS = NO;
				SWIFT_VERSION = 5.0;
				TARGETED_DEVICE_FAMILY = "1,2";
				TEST_HOST = "$(BUILT_PRODUCTS_DIR)/SocketSample.app/$(BUNDLE_EXECUTABLE_FOLDER_PATH)/SocketSample";
			};
			name = Release;
		};
		5FC884B52E4BBD3000D5956E /* Debug */ = {
			isa = XCBuildConfiguration;
			buildSettings = {
				CODE_SIGN_STYLE = Automatic;
				CURRENT_PROJECT_VERSION = 1;
				DEVELOPMENT_TEAM = C8X33J96A7;
				GENERATE_INFOPLIST_FILE = YES;
				MARKETING_VERSION = 1.0;
				PRODUCT_BUNDLE_IDENTIFIER = com.meharoof.SocketSampleUITests;
				PRODUCT_NAME = "$(TARGET_NAME)";
				SWIFT_EMIT_LOC_STRINGS = NO;
				SWIFT_VERSION = 5.0;
				TARGETED_DEVICE_FAMILY = "1,2";
				TEST_TARGET_NAME = SocketSample;
			};
			name = Debug;
		};
		5FC884B62E4BBD3000D5956E /* Release */ = {
			isa = XCBuildConfiguration;
			buildSettings = {
				CODE_SIGN_STYLE = Automatic;
				CURRENT_PROJECT_VERSION = 1;
				DEVELOPMENT_TEAM = C8X33J96A7;
				GENERATE_INFOPLIST_FILE = YES;
				MARKETING_VERSION = 1.0;
				PRODUCT_BUNDLE_IDENTIFIER = com.meharoof.SocketSampleUITests;
				PRODUCT_NAME = "$(TARGET_NAME)";
				SWIFT_EMIT_LOC_STRINGS = NO;
				SWIFT_VERSION = 5.0;
				TARGETED_DEVICE_FAMILY = "1,2";
				TEST_TARGET_NAME = SocketSample;
			};
			name = Release;
		};
/* End XCBuildConfiguration section */

/* Begin XCConfigurationList section */
		5FC884882E4BBD2E00D5956E /* Build configuration list for PBXProject "SocketSample" */ = {
			isa = XCConfigurationList;
			buildConfigurations = (
				5FC884AC2E4BBD3000D5956E /* Debug */,
				5FC884AD2E4BBD3000D5956E /* Release */,
			);
			defaultConfigurationIsVisible = 0;
			defaultConfigurationName = Release;
		};
		5FC884AE2E4BBD3000D5956E /* Build configuration list for PBXNativeTarget "SocketSample" */ = {
			isa = XCConfigurationList;
			buildConfigurations = (
				5FC884AF2E4BBD3000D5956E /* Debug */,
				5FC884B02E4BBD3000D5956E /* Release */,
			);
			defaultConfigurationIsVisible = 0;
			defaultConfigurationName = Release;
		};
		5FC884B12E4BBD3000D5956E /* Build configuration list for PBXNativeTarget "SocketSampleTests" */ = {
			isa = XCConfigurationList;
			buildConfigurations = (
				5FC884B22E4BBD3000D5956E /* Debug */,
				5FC884B32E4BBD3000D5956E /* Release */,
			);
			defaultConfigurationIsVisible = 0;
			defaultConfigurationName = Release;
		};
		5FC884B42E4BBD3000D5956E /* Build configuration list for PBXNativeTarget "SocketSampleUITests" */ = {
			isa = XCConfigurationList;
			buildConfigurations = (
				5FC884B52E4BBD3000D5956E /* Debug */,
				5FC884B62E4BBD3000D5956E /* Release */,
			);
			defaultConfigurationIsVisible = 0;
			defaultConfigurationName = Release;
		};
/* End XCConfigurationList section */
	};
	rootObject = 5FC884852E4BBD2E00D5956E /* Project object */;
}
